
Microsoft Visual Studio Solution File, Format Version 12.00
# Visual Studio Version 17
VisualStudioVersion = 17.9.34607.119
MinimumVisualStudioVersion = 10.0.40219.1
Project("{FAE04EC0-301F-11D3-BF4B-00C04F79EFBC}") = "PracticeIndividualProject", "PracticeIndividualProject\PracticeIndividualProject.csproj", "{D296B523-02FB-4347-814C-AC9AF31F6C5E}"
EndProject
Global
	GlobalSection(SolutionConfigurationPlatforms) = preSolution
		Debug|Any CPU = Debug|Any CPU
		Release|Any CPU = Release|Any CPU
	EndGlobalSection
	GlobalSection(ProjectConfigurationPlatforms) = postSolution
		{D296B523-02FB-4347-814C-AC9AF31F6C5E}.Debug|Any CPU.ActiveCfg = Debug|Any CPU
		{D296B523-02FB-4347-814C-AC9AF31F6C5E}.Debug|Any CPU.Build.0 = Debug|Any CPU
		{D296B523-02FB-4347-814C-AC9AF31F6C5E}.Release|Any CPU.ActiveCfg = Release|Any CPU
		{D296B523-02FB-4347-814C-AC9AF31F6C5E}.Release|Any CPU.Build.0 = Release|Any CPU
	EndGlobalSection
	GlobalSection(SolutionProperties) = preSolution
		HideSolutionNode = FALSE
	EndGlobalSection
	GlobalSection(ExtensibilityGlobals) = postSolution
		SolutionGuid = {8646B81A-6F2E-4215-8B55-F569C2318D95}
	EndGlobalSection
EndGlobal
