
Microsoft Visual Studio Solution File, Format Version 12.00
# Visual Studio Version 17
VisualStudioVersion = 17.9.34607.119
MinimumVisualStudioVersion = 10.0.40219.1
Project("{9A19103F-16F7-4668-BE54-9A1E7A4F7556}") = "PracticeWeek02_09", "PracticeWeek_02\PracticeWeek02_09.csproj", "{FDB0B62B-17BD-4712-817C-D21D1904B60B}"
EndProject
Project("{9A19103F-16F7-4668-BE54-9A1E7A4F7556}") = "PracticeWeek02_10", "PracticeWeek02_10\PracticeWeek02_10.csproj", "{A4A7AA94-4448-4F58-83B3-3A0E0324939A}"
EndProject
Project("{9A19103F-16F7-4668-BE54-9A1E7A4F7556}") = "PracticeWeek02_11", "PracticeWeek02_11\PracticeWeek02_11.csproj", "{9BA80473-17A4-4F47-9E1C-C8789739FA4F}"
EndProject
Project("{FAE04EC0-301F-11D3-BF4B-00C04F79EFBC}") = "PracticeWeek02_12", "PracticeWeek02_12\PracticeWeek02_12.csproj", "{728A243B-2A87-4D8B-825B-1E442B242E8D}"
EndProject
Project("{FAE04EC0-301F-11D3-BF4B-00C04F79EFBC}") = "PracticeWeek02_13", "PracticeWeek02_13\PracticeWeek02_13.csproj", "{359ECD3E-C4DD-4DAA-8601-D489EFB7AA87}"
EndProject
Project("{FAE04EC0-301F-11D3-BF4B-00C04F79EFBC}") = "PracticeWeek02_14", "PracticeWeek02_14\PracticeWeek02_14.csproj", "{93C977DF-F8D7-4625-8DFC-9BDF58D80BD2}"
EndProject
Global
	GlobalSection(SolutionConfigurationPlatforms) = preSolution
		Debug|Any CPU = Debug|Any CPU
		Release|Any CPU = Release|Any CPU
	EndGlobalSection
	GlobalSection(ProjectConfigurationPlatforms) = postSolution
		{FDB0B62B-17BD-4712-817C-D21D1904B60B}.Debug|Any CPU.ActiveCfg = Debug|Any CPU
		{FDB0B62B-17BD-4712-817C-D21D1904B60B}.Debug|Any CPU.Build.0 = Debug|Any CPU
		{FDB0B62B-17BD-4712-817C-D21D1904B60B}.Release|Any CPU.ActiveCfg = Release|Any CPU
		{FDB0B62B-17BD-4712-817C-D21D1904B60B}.Release|Any CPU.Build.0 = Release|Any CPU
		{A4A7AA94-4448-4F58-83B3-3A0E0324939A}.Debug|Any CPU.ActiveCfg = Debug|Any CPU
		{A4A7AA94-4448-4F58-83B3-3A0E0324939A}.Debug|Any CPU.Build.0 = Debug|Any CPU
		{A4A7AA94-4448-4F58-83B3-3A0E0324939A}.Release|Any CPU.ActiveCfg = Release|Any CPU
		{A4A7AA94-4448-4F58-83B3-3A0E0324939A}.Release|Any CPU.Build.0 = Release|Any CPU
		{9BA80473-17A4-4F47-9E1C-C8789739FA4F}.Debug|Any CPU.ActiveCfg = Debug|Any CPU
		{9BA80473-17A4-4F47-9E1C-C8789739FA4F}.Debug|Any CPU.Build.0 = Debug|Any CPU
		{9BA80473-17A4-4F47-9E1C-C8789739FA4F}.Release|Any CPU.ActiveCfg = Release|Any CPU
		{9BA80473-17A4-4F47-9E1C-C8789739FA4F}.Release|Any CPU.Build.0 = Release|Any CPU
		{728A243B-2A87-4D8B-825B-1E442B242E8D}.Debug|Any CPU.ActiveCfg = Debug|Any CPU
		{728A243B-2A87-4D8B-825B-1E442B242E8D}.Debug|Any CPU.Build.0 = Debug|Any CPU
		{728A243B-2A87-4D8B-825B-1E442B242E8D}.Release|Any CPU.ActiveCfg = Release|Any CPU
		{728A243B-2A87-4D8B-825B-1E442B242E8D}.Release|Any CPU.Build.0 = Release|Any CPU
		{359ECD3E-C4DD-4DAA-8601-D489EFB7AA87}.Debug|Any CPU.ActiveCfg = Debug|Any CPU
		{359ECD3E-C4DD-4DAA-8601-D489EFB7AA87}.Debug|Any CPU.Build.0 = Debug|Any CPU
		{359ECD3E-C4DD-4DAA-8601-D489EFB7AA87}.Release|Any CPU.ActiveCfg = Release|Any CPU
		{359ECD3E-C4DD-4DAA-8601-D489EFB7AA87}.Release|Any CPU.Build.0 = Release|Any CPU
		{93C977DF-F8D7-4625-8DFC-9BDF58D80BD2}.Debug|Any CPU.ActiveCfg = Debug|Any CPU
		{93C977DF-F8D7-4625-8DFC-9BDF58D80BD2}.Debug|Any CPU.Build.0 = Debug|Any CPU
		{93C977DF-F8D7-4625-8DFC-9BDF58D80BD2}.Release|Any CPU.ActiveCfg = Release|Any CPU
		{93C977DF-F8D7-4625-8DFC-9BDF58D80BD2}.Release|Any CPU.Build.0 = Release|Any CPU
	EndGlobalSection
	GlobalSection(SolutionProperties) = preSolution
		HideSolutionNode = FALSE
	EndGlobalSection
	GlobalSection(ExtensibilityGlobals) = postSolution
		SolutionGuid = {D99EBF82-163B-4E84-95D3-2B1D6401B7CA}
	EndGlobalSection
EndGlobal
